
Microsoft Visual Studio Solution File, Format Version 11.00
# Visual Studio 2010
Project("{FAE04EC0-301F-11D3-BF4B-00C04F79EFBC}") = "CampusDemo.ContinuousIntegration.URLTree", "CampusDemo.ContinuousIntegration.URLTree\CampusDemo.ContinuousIntegration.URLTree.csproj", "{2C958791-1EB4-4837-A094-B8A5A37C842C}"
EndProject
Project("{FAE04EC0-301F-11D3-BF4B-00C04F79EFBC}") = "CampusDemo.ContinuousIntegration.SimpleLibrary", "CampusDemo.ContinuousIntegration.SimpleLibrary\CampusDemo.ContinuousIntegration.SimpleLibrary.csproj", "{6152AA16-DFCF-4F35-838D-55FAE6713987}"
EndProject
Project("{2150E333-8FDC-42A3-9474-1A3956D46DE8}") = "Lib", "Lib", "{5B3AB419-4FE3-47FB-88B6-79FA0B23B16A}"
	ProjectSection(SolutionItems) = preProject
		Lib\nunit.framework.dll = Lib\nunit.framework.dll
		Lib\SpeedCollections.dll = Lib\SpeedCollections.dll
	EndProjectSection
EndProject
Project("{FAE04EC0-301F-11D3-BF4B-00C04F79EFBC}") = "CampusDemo.ContinuousIntegration.Test", "CampusDemo.ContinuousIntegration.Test\CampusDemo.ContinuousIntegration.Test.csproj", "{FF7CB897-1C19-4988-A307-FAD830EB8720}"
EndProject
Global
	GlobalSection(SolutionConfigurationPlatforms) = preSolution
		Debug|Any CPU = Debug|Any CPU
		Release|Any CPU = Release|Any CPU
	EndGlobalSection
	GlobalSection(ProjectConfigurationPlatforms) = postSolution
		{2C958791-1EB4-4837-A094-B8A5A37C842C}.Debug|Any CPU.ActiveCfg = Debug|Any CPU
		{2C958791-1EB4-4837-A094-B8A5A37C842C}.Debug|Any CPU.Build.0 = Debug|Any CPU
		{2C958791-1EB4-4837-A094-B8A5A37C842C}.Release|Any CPU.ActiveCfg = Release|Any CPU
		{2C958791-1EB4-4837-A094-B8A5A37C842C}.Release|Any CPU.Build.0 = Release|Any CPU
		{6152AA16-DFCF-4F35-838D-55FAE6713987}.Debug|Any CPU.ActiveCfg = Debug|Any CPU
		{6152AA16-DFCF-4F35-838D-55FAE6713987}.Debug|Any CPU.Build.0 = Debug|Any CPU
		{6152AA16-DFCF-4F35-838D-55FAE6713987}.Release|Any CPU.ActiveCfg = Release|Any CPU
		{6152AA16-DFCF-4F35-838D-55FAE6713987}.Release|Any CPU.Build.0 = Release|Any CPU
		{FF7CB897-1C19-4988-A307-FAD830EB8720}.Debug|Any CPU.ActiveCfg = Debug|Any CPU
		{FF7CB897-1C19-4988-A307-FAD830EB8720}.Debug|Any CPU.Build.0 = Debug|Any CPU
		{FF7CB897-1C19-4988-A307-FAD830EB8720}.Release|Any CPU.ActiveCfg = Release|Any CPU
		{FF7CB897-1C19-4988-A307-FAD830EB8720}.Release|Any CPU.Build.0 = Release|Any CPU
	EndGlobalSection
	GlobalSection(SolutionProperties) = preSolution
		HideSolutionNode = FALSE
	EndGlobalSection
EndGlobal
